// !$*UTF8*$!
{
	archiveVersion = 1;
	classes = {
	};
	objectVersion = 55;
	objects = {

/* Begin PBXBuildFile section */
		1548163D285444F900568A20 /* SettingContentVO.swift in Sources */ = {isa = PBXBuildFile; fileRef = 1548163C285444F900568A20 /* SettingContentVO.swift */; };
		155FB1D4285442B60025A69E /* SettingController.swift in Sources */ = {isa = PBXBuildFile; fileRef = 155FB1D3285442B60025A69E /* SettingController.swift */; };
		15E54B63285B64C700ED1128 /* ReadViewController.swift in Sources */ = {isa = PBXBuildFile; fileRef = 15E54B62285B64C700ED1128 /* ReadViewController.swift */; };
		15E54B65285B65A200ED1128 /* ReadViewContentVO.swift in Sources */ = {isa = PBXBuildFile; fileRef = 15E54B64285B65A200ED1128 /* ReadViewContentVO.swift */; };
		15E766EF2852FCDE00EA19CC /* AppDelegate.swift in Sources */ = {isa = PBXBuildFile; fileRef = 15E766EE2852FCDE00EA19CC /* AppDelegate.swift */; };
		15E766F12852FCDE00EA19CC /* SceneDelegate.swift in Sources */ = {isa = PBXBuildFile; fileRef = 15E766F02852FCDE00EA19CC /* SceneDelegate.swift */; };
		15E766F32852FCDE00EA19CC /* ViewController.swift in Sources */ = {isa = PBXBuildFile; fileRef = 15E766F22852FCDE00EA19CC /* ViewController.swift */; };
		15E766F62852FCDE00EA19CC /* Main.storyboard in Resources */ = {isa = PBXBuildFile; fileRef = 15E766F42852FCDE00EA19CC /* Main.storyboard */; };
		15E766F82852FCE000EA19CC /* Assets.xcassets in Resources */ = {isa = PBXBuildFile; fileRef = 15E766F72852FCE000EA19CC /* Assets.xcassets */; };
		15E766FB2852FCE000EA19CC /* LaunchScreen.storyboard in Resources */ = {isa = PBXBuildFile; fileRef = 15E766F92852FCE000EA19CC /* LaunchScreen.storyboard */; };
/* End PBXBuildFile section */

/* Begin PBXFileReference section */
		1548163C285444F900568A20 /* SettingContentVO.swift */ = {isa = PBXFileReference; lastKnownFileType = sourcecode.swift; path = SettingContentVO.swift; sourceTree = "<group>"; };
		155FB1D3285442B60025A69E /* SettingController.swift */ = {isa = PBXFileReference; lastKnownFileType = sourcecode.swift; name = SettingController.swift; path = custom_button/Controller/SettingController.swift; sourceTree = SOURCE_ROOT; };
		15E54B62285B64C700ED1128 /* ReadViewController.swift */ = {isa = PBXFileReference; lastKnownFileType = sourcecode.swift; path = ReadViewController.swift; sourceTree = "<group>"; };
		15E54B64285B65A200ED1128 /* ReadViewContentVO.swift */ = {isa = PBXFileReference; lastKnownFileType = sourcecode.swift; path = ReadViewContentVO.swift; sourceTree = "<group>"; };
		15E766EB2852FCDE00EA19CC /* custom_button.app */ = {isa = PBXFileReference; explicitFileType = wrapper.application; includeInIndex = 0; path = custom_button.app; sourceTree = BUILT_PRODUCTS_DIR; };
		15E766EE2852FCDE00EA19CC /* AppDelegate.swift */ = {isa = PBXFileReference; lastKnownFileType = sourcecode.swift; path = AppDelegate.swift; sourceTree = "<group>"; };
		15E766F02852FCDE00EA19CC /* SceneDelegate.swift */ = {isa = PBXFileReference; lastKnownFileType = sourcecode.swift; path = SceneDelegate.swift; sourceTree = "<group>"; };
		15E766F22852FCDE00EA19CC /* ViewController.swift */ = {isa = PBXFileReference; lastKnownFileType = sourcecode.swift; path = ViewController.swift; sourceTree = "<group>"; };
		15E766F52852FCDE00EA19CC /* Base */ = {isa = PBXFileReference; lastKnownFileType = file.storyboard; name = Base; path = Base.lproj/Main.storyboard; sourceTree = "<group>"; };
		15E766F72852FCE000EA19CC /* Assets.xcassets */ = {isa = PBXFileReference; lastKnownFileType = folder.assetcatalog; path = Assets.xcassets; sourceTree = "<group>"; };
		15E766FA2852FCE000EA19CC /* Base */ = {isa = PBXFileReference; lastKnownFileType = file.storyboard; name = Base; path = Base.lproj/LaunchScreen.storyboard; sourceTree = "<group>"; };
		15E766FC2852FCE000EA19CC /* Info.plist */ = {isa = PBXFileReference; lastKnownFileType = text.plist.xml; path = Info.plist; sourceTree = "<group>"; };
/* End PBXFileReference section */

/* Begin PBXFrameworksBuildPhase section */
		15E766E82852FCDE00EA19CC /* Frameworks */ = {
			isa = PBXFrameworksBuildPhase;
			buildActionMask = 2147483647;
			files = (
			);
			runOnlyForDeploymentPostprocessing = 0;
		};
/* End PBXFrameworksBuildPhase section */

/* Begin PBXGroup section */
		1548163B285444DD00568A20 /* Model */ = {
			isa = PBXGroup;
			children = (
				1548163C285444F900568A20 /* SettingContentVO.swift */,
				15E54B64285B65A200ED1128 /* ReadViewContentVO.swift */,
			);
			path = Model;
			sourceTree = "<group>";
		};
		15E766E22852FCDE00EA19CC = {
			isa = PBXGroup;
			children = (
				15E766ED2852FCDE00EA19CC /* custom_button */,
				15E766EC2852FCDE00EA19CC /* Products */,
			);
			sourceTree = "<group>";
		};
		15E766EC2852FCDE00EA19CC /* Products */ = {
			isa = PBXGroup;
			children = (
				15E766EB2852FCDE00EA19CC /* custom_button.app */,
			);
			name = Products;
			sourceTree = "<group>";
		};
		15E766ED2852FCDE00EA19CC /* custom_button */ = {
			isa = PBXGroup;
			children = (
				1548163B285444DD00568A20 /* Model */,
				15E767032852FD6300EA19CC /* View */,
				15E767022852FD4900EA19CC /* Controller */,
				15E766F72852FCE000EA19CC /* Assets.xcassets */,
				15E766FC2852FCE000EA19CC /* Info.plist */,
			);
			path = custom_button;
			sourceTree = "<group>";
		};
		15E767022852FD4900EA19CC /* Controller */ = {
			isa = PBXGroup;
			children = (
				15E54B62285B64C700ED1128 /* ReadViewController.swift */,
				155FB1D3285442B60025A69E /* SettingController.swift */,
				15E766F22852FCDE00EA19CC /* ViewController.swift */,
				15E766EE2852FCDE00EA19CC /* AppDelegate.swift */,
				15E766F02852FCDE00EA19CC /* SceneDelegate.swift */,
			);
			path = Controller;
			sourceTree = "<group>";
		};
		15E767032852FD6300EA19CC /* View */ = {
			isa = PBXGroup;
			children = (
				15E766F42852FCDE00EA19CC /* Main.storyboard */,
				15E766F92852FCE000EA19CC /* LaunchScreen.storyboard */,
			);
			path = View;
			sourceTree = "<group>";
		};
/* End PBXGroup section */

/* Begin PBXNativeTarget section */
		15E766EA2852FCDE00EA19CC /* custom_button */ = {
			isa = PBXNativeTarget;
			buildConfigurationList = 15E766FF2852FCE000EA19CC /* Build configuration list for PBXNativeTarget "custom_button" */;
			buildPhases = (
				15E766E72852FCDE00EA19CC /* Sources */,
				15E766E82852FCDE00EA19CC /* Frameworks */,
				15E766E92852FCDE00EA19CC /* Resources */,
			);
			buildRules = (
			);
			dependencies = (
			);
			name = custom_button;
			productName = custom_button;
			productReference = 15E766EB2852FCDE00EA19CC /* custom_button.app */;
			productType = "com.apple.product-type.application";
		};
/* End PBXNativeTarget section */

/* Begin PBXProject section */
		15E766E32852FCDE00EA19CC /* Project object */ = {
			isa = PBXProject;
			attributes = {
				BuildIndependentTargetsInParallel = 1;
				LastSwiftUpdateCheck = 1340;
				LastUpgradeCheck = 1340;
				TargetAttributes = {
					15E766EA2852FCDE00EA19CC = {
						CreatedOnToolsVersion = 13.4.1;
					};
				};
			};
			buildConfigurationList = 15E766E62852FCDE00EA19CC /* Build configuration list for PBXProject "custom_button" */;
			compatibilityVersion = "Xcode 13.0";
			developmentRegion = en;
			hasScannedForEncodings = 0;
			knownRegions = (
				en,
				Base,
			);
			mainGroup = 15E766E22852FCDE00EA19CC;
			productRefGroup = 15E766EC2852FCDE00EA19CC /* Products */;
			projectDirPath = "";
			projectRoot = "";
			targets = (
				15E766EA2852FCDE00EA19CC /* custom_button */,
			);
		};
/* End PBXProject section */

/* Begin PBXResourcesBuildPhase section */
		15E766E92852FCDE00EA19CC /* Resources */ = {
			isa = PBXResourcesBuildPhase;
			buildActionMask = 2147483647;
			files = (
				15E766FB2852FCE000EA19CC /* LaunchScreen.storyboard in Resources */,
				15E766F82852FCE000EA19CC /* Assets.xcassets in Resources */,
				15E766F62852FCDE00EA19CC /* Main.storyboard in Resources */,
			);
			runOnlyForDeploymentPostprocessing = 0;
		};
/* End PBXResourcesBuildPhase section */

/* Begin PBXSourcesBuildPhase section */
		15E766E72852FCDE00EA19CC /* Sources */ = {
			isa = PBXSourcesBuildPhase;
			buildActionMask = 2147483647;
			files = (
				155FB1D4285442B60025A69E /* SettingController.swift in Sources */,
				1548163D285444F900568A20 /* SettingContentVO.swift in Sources */,
				15E766F32852FCDE00EA19CC /* ViewController.swift in Sources */,
				15E766EF2852FCDE00EA19CC /* AppDelegate.swift in Sources */,
				15E54B63285B64C700ED1128 /* ReadViewController.swift in Sources */,
				15E766F12852FCDE00EA19CC /* SceneDelegate.swift in Sources */,
				15E54B65285B65A200ED1128 /* ReadViewContentVO.swift in Sources */,
			);
			runOnlyForDeploymentPostprocessing = 0;
		};
/* End PBXSourcesBuildPhase section */

/* Begin PBXVariantGroup section */
		15E766F42852FCDE00EA19CC /* Main.storyboard */ = {
			isa = PBXVariantGroup;
			children = (
				15E766F52852FCDE00EA19CC /* Base */,
			);
			name = Main.storyboard;
			sourceTree = "<group>";
		};
		15E766F92852FCE000EA19CC /* LaunchScreen.storyboard */ = {
			isa = PBXVariantGroup;
			children = (
				15E766FA2852FCE000EA19CC /* Base */,
			);
			name = LaunchScreen.storyboard;
			sourceTree = "<group>";
		};
/* End PBXVariantGroup section */

/* Begin XCBuildConfiguration section */
		15E766FD2852FCE000EA19CC /* Debug */ = {
			isa = XCBuildConfiguration;
			buildSettings = {
				ALWAYS_SEARCH_USER_PATHS = NO;
				CLANG_ANALYZER_NONNULL = YES;
				CLANG_ANALYZER_NUMBER_OBJECT_CONVERSION = YES_AGGRESSIVE;
				CLANG_CXX_LANGUAGE_STANDARD = "gnu++17";
				CLANG_ENABLE_MODULES = YES;
				CLANG_ENABLE_OBJC_ARC = YES;
				CLANG_ENABLE_OBJC_WEAK = YES;
				CLANG_WARN_BLOCK_CAPTURE_AUTORELEASING = YES;
				CLANG_WARN_BOOL_CONVERSION = YES;
				CLANG_WARN_COMMA = YES;
				CLANG_WARN_CONSTANT_CONVERSION = YES;
				CLANG_WARN_DEPRECATED_OBJC_IMPLEMENTATIONS = YES;
				CLANG_WARN_DIRECT_OBJC_ISA_USAGE = YES_ERROR;
				CLANG_WARN_DOCUMENTATION_COMMENTS = YES;
				CLANG_WARN_EMPTY_BODY = YES;
				CLANG_WARN_ENUM_CONVERSION = YES;
				CLANG_WARN_INFINITE_RECURSION = YES;
				CLANG_WARN_INT_CONVERSION = YES;
				CLANG_WARN_NON_LITERAL_NULL_CONVERSION = YES;
				CLANG_WARN_OBJC_IMPLICIT_RETAIN_SELF = YES;
				CLANG_WARN_OBJC_LITERAL_CONVERSION = YES;
				CLANG_WARN_OBJC_ROOT_CLASS = YES_ERROR;
				CLANG_WARN_QUOTED_INCLUDE_IN_FRAMEWORK_HEADER = YES;
				CLANG_WARN_RANGE_LOOP_ANALYSIS = YES;
				CLANG_WARN_STRICT_PROTOTYPES = YES;
				CLANG_WARN_SUSPICIOUS_MOVE = YES;
				CLANG_WARN_UNGUARDED_AVAILABILITY = YES_AGGRESSIVE;
				CLANG_WARN_UNREACHABLE_CODE = YES;
				CLANG_WARN__DUPLICATE_METHOD_MATCH = YES;
				COPY_PHASE_STRIP = NO;
				DEBUG_INFORMATION_FORMAT = dwarf;
				ENABLE_STRICT_OBJC_MSGSEND = YES;
				ENABLE_TESTABILITY = YES;
				GCC_C_LANGUAGE_STANDARD = gnu11;
				GCC_DYNAMIC_NO_PIC = NO;
				GCC_NO_COMMON_BLOCKS = YES;
				GCC_OPTIMIZATION_LEVEL = 0;
				GCC_PREPROCESSOR_DEFINITIONS = (
					"DEBUG=1",
					"$(inherited)",
				);
				GCC_WARN_64_TO_32_BIT_CONVERSION = YES;
				GCC_WARN_ABOUT_RETURN_TYPE = YES_ERROR;
				GCC_WARN_UNDECLARED_SELECTOR = YES;
				GCC_WARN_UNINITIALIZED_AUTOS = YES_AGGRESSIVE;
				GCC_WARN_UNUSED_FUNCTION = YES;
				GCC_WARN_UNUSED_VARIABLE = YES;
				IPHONEOS_DEPLOYMENT_TARGET = 15.5;
				MTL_ENABLE_DEBUG_INFO = INCLUDE_SOURCE;
				MTL_FAST_MATH = YES;
				ONLY_ACTIVE_ARCH = YES;
				SDKROOT = iphoneos;
				SWIFT_ACTIVE_COMPILATION_CONDITIONS = DEBUG;
				SWIFT_OPTIMIZATION_LEVEL = "-Onone";
			};
			name = Debug;
		};
		15E766FE2852FCE000EA19CC /* Release */ = {
			isa = XCBuildConfiguration;
			buildSettings = {
				ALWAYS_SEARCH_USER_PATHS = NO;
				CLANG_ANALYZER_NONNULL = YES;
				CLANG_ANALYZER_NUMBER_OBJECT_CONVERSION = YES_AGGRESSIVE;
				CLANG_CXX_LANGUAGE_STANDARD = "gnu++17";
				CLANG_ENABLE_MODULES = YES;
				CLANG_ENABLE_OBJC_ARC = YES;
				CLANG_ENABLE_OBJC_WEAK = YES;
				CLANG_WARN_BLOCK_CAPTURE_AUTORELEASING = YES;
				CLANG_WARN_BOOL_CONVERSION = YES;
				CLANG_WARN_COMMA = YES;
				CLANG_WARN_CONSTANT_CONVERSION = YES;
				CLANG_WARN_DEPRECATED_OBJC_IMPLEMENTATIONS = YES;
				CLANG_WARN_DIRECT_OBJC_ISA_USAGE = YES_ERROR;
				CLANG_WARN_DOCUMENTATION_COMMENTS = YES;
				CLANG_WARN_EMPTY_BODY = YES;
				CLANG_WARN_ENUM_CONVERSION = YES;
				CLANG_WARN_INFINITE_RECURSION = YES;
				CLANG_WARN_INT_CONVERSION = YES;
				CLANG_WARN_NON_LITERAL_NULL_CONVERSION = YES;
				CLANG_WARN_OBJC_IMPLICIT_RETAIN_SELF = YES;
				CLANG_WARN_OBJC_LITERAL_CONVERSION = YES;
				CLANG_WARN_OBJC_ROOT_CLASS = YES_ERROR;
				CLANG_WARN_QUOTED_INCLUDE_IN_FRAMEWORK_HEADER = YES;
				CLANG_WARN_RANGE_LOOP_ANALYSIS = YES;
				CLANG_WARN_STRICT_PROTOTYPES = YES;
				CLANG_WARN_SUSPICIOUS_MOVE = YES;
				CLANG_WARN_UNGUARDED_AVAILABILITY = YES_AGGRESSIVE;
				CLANG_WARN_UNREACHABLE_CODE = YES;
				CLANG_WARN__DUPLICATE_METHOD_MATCH = YES;
				COPY_PHASE_STRIP = NO;
				DEBUG_INFORMATION_FORMAT = "dwarf-with-dsym";
				ENABLE_NS_ASSERTIONS = NO;
				ENABLE_STRICT_OBJC_MSGSEND = YES;
				GCC_C_LANGUAGE_STANDARD = gnu11;
				GCC_NO_COMMON_BLOCKS = YES;
				GCC_WARN_64_TO_32_BIT_CONVERSION = YES;
				GCC_WARN_ABOUT_RETURN_TYPE = YES_ERROR;
				GCC_WARN_UNDECLARED_SELECTOR = YES;
				GCC_WARN_UNINITIALIZED_AUTOS = YES_AGGRESSIVE;
				GCC_WARN_UNUSED_FUNCTION = YES;
				GCC_WARN_UNUSED_VARIABLE = YES;
				IPHONEOS_DEPLOYMENT_TARGET = 15.5;
				MTL_ENABLE_DEBUG_INFO = NO;
				MTL_FAST_MATH = YES;
				SDKROOT = iphoneos;
				SWIFT_COMPILATION_MODE = wholemodule;
				SWIFT_OPTIMIZATION_LEVEL = "-O";
				VALIDATE_PRODUCT = YES;
			};
			name = Release;
		};
		15E767002852FCE000EA19CC /* Debug */ = {
			isa = XCBuildConfiguration;
			buildSettings = {
				ASSETCATALOG_COMPILER_APPICON_NAME = AppIcon;
				ASSETCATALOG_COMPILER_GLOBAL_ACCENT_COLOR_NAME = AccentColor;
				CODE_SIGN_STYLE = Automatic;
				CURRENT_PROJECT_VERSION = 1;
				DEVELOPMENT_TEAM = 4GW2K8FK25;
				GENERATE_INFOPLIST_FILE = YES;
				INFOPLIST_FILE = custom_button/Info.plist;
				INFOPLIST_KEY_UIApplicationSupportsIndirectInputEvents = YES;
				INFOPLIST_KEY_UILaunchStoryboardName = LaunchScreen;
				INFOPLIST_KEY_UIMainStoryboardFile = Main;
				INFOPLIST_KEY_UISupportedInterfaceOrientations_iPad = "UIInterfaceOrientationPortrait UIInterfaceOrientationPortraitUpsideDown UIInterfaceOrientationLandscapeLeft UIInterfaceOrientationLandscapeRight";
				INFOPLIST_KEY_UISupportedInterfaceOrientations_iPhone = "UIInterfaceOrientationPortrait UIInterfaceOrientationLandscapeLeft UIInterfaceOrientationLandscapeRight";
				LD_RUNPATH_SEARCH_PATHS = (
					"$(inherited)",
					"@executable_path/Frameworks",
				);
				MARKETING_VERSION = 1.0;
				PRODUCT_BUNDLE_IDENTIFIER = "SH.custom-button";
				PRODUCT_NAME = "$(TARGET_NAME)";
				SWIFT_EMIT_LOC_STRINGS = YES;
				SWIFT_VERSION = 5.0;
				TARGETED_DEVICE_FAMILY = "1,2";
			};
			name = Debug;
		};
		15E767012852FCE000EA19CC /* Release */ = {
			isa = XCBuildConfiguration;
			buildSettings = {
				ASSETCATALOG_COMPILER_APPICON_NAME = AppIcon;
				ASSETCATALOG_COMPILER_GLOBAL_ACCENT_COLOR_NAME = AccentColor;
				CODE_SIGN_STYLE = Automatic;
				CURRENT_PROJECT_VERSION = 1;
				DEVELOPMENT_TEAM = 4GW2K8FK25;
				GENERATE_INFOPLIST_FILE = YES;
				INFOPLIST_FILE = custom_button/Info.plist;
				INFOPLIST_KEY_UIApplicationSupportsIndirectInputEvents = YES;
				INFOPLIST_KEY_UILaunchStoryboardName = LaunchScreen;
				INFOPLIST_KEY_UIMainStoryboardFile = Main;
				INFOPLIST_KEY_UISupportedInterfaceOrientations_iPad = "UIInterfaceOrientationPortrait UIInterfaceOrientationPortraitUpsideDown UIInterfaceOrientationLandscapeLeft UIInterfaceOrientationLandscapeRight";
				INFOPLIST_KEY_UISupportedInterfaceOrientations_iPhone = "UIInterfaceOrientationPortrait UIInterfaceOrientationLandscapeLeft UIInterfaceOrientationLandscapeRight";
				LD_RUNPATH_SEARCH_PATHS = (
					"$(inherited)",
					"@executable_path/Frameworks",
				);
				MARKETING_VERSION = 1.0;
				PRODUCT_BUNDLE_IDENTIFIER = "SH.custom-button";
				PRODUCT_NAME = "$(TARGET_NAME)";
				SWIFT_EMIT_LOC_STRINGS = YES;
				SWIFT_VERSION = 5.0;
				TARGETED_DEVICE_FAMILY = "1,2";
			};
			name = Release;
		};
/* End XCBuildConfiguration section */

/* Begin XCConfigurationList section */
		15E766E62852FCDE00EA19CC /* Build configuration list for PBXProject "custom_button" */ = {
			isa = XCConfigurationList;
			buildConfigurations = (
				15E766FD2852FCE000EA19CC /* Debug */,
				15E766FE2852FCE000EA19CC /* Release */,
			);
			defaultConfigurationIsVisible = 0;
			defaultConfigurationName = Release;
		};
		15E766FF2852FCE000EA19CC /* Build configuration list for PBXNativeTarget "custom_button" */ = {
			isa = XCConfigurationList;
			buildConfigurations = (
				15E767002852FCE000EA19CC /* Debug */,
				15E767012852FCE000EA19CC /* Release */,
			);
			defaultConfigurationIsVisible = 0;
			defaultConfigurationName = Release;
		};
/* End XCConfigurationList section */
	};
	rootObject = 15E766E32852FCDE00EA19CC /* Project object */;
}
