// !$*UTF8*$!
{
	archiveVersion = 1;
	classes = {
	};
	objectVersion = 55;
	objects = {

/* Begin PBXBuildFile section */
		1539FA0A2874455900FE0EB1 /* CustomMapAlertVO.swift in Sources */ = {isa = PBXBuildFile; fileRef = 1539FA092874455900FE0EB1 /* CustomMapAlertVO.swift */; };
		1539FA0C287446F300FE0EB1 /* CallAlertButtonVO.swift in Sources */ = {isa = PBXBuildFile; fileRef = 1539FA0B287446F300FE0EB1 /* CallAlertButtonVO.swift */; };
		155393842871E34D005877A9 /* AppDelegate.swift in Sources */ = {isa = PBXBuildFile; fileRef = 155393832871E34D005877A9 /* AppDelegate.swift */; };
		155393862871E34D005877A9 /* SceneDelegate.swift in Sources */ = {isa = PBXBuildFile; fileRef = 155393852871E34D005877A9 /* SceneDelegate.swift */; };
		155393882871E34D005877A9 /* ViewController.swift in Sources */ = {isa = PBXBuildFile; fileRef = 155393872871E34D005877A9 /* ViewController.swift */; };
		1553938B2871E34D005877A9 /* Main.storyboard in Resources */ = {isa = PBXBuildFile; fileRef = 155393892871E34D005877A9 /* Main.storyboard */; };
		1553938D2871E34E005877A9 /* Assets.xcassets in Resources */ = {isa = PBXBuildFile; fileRef = 1553938C2871E34E005877A9 /* Assets.xcassets */; };
		155393902871E34E005877A9 /* LaunchScreen.storyboard in Resources */ = {isa = PBXBuildFile; fileRef = 1553938E2871E34E005877A9 /* LaunchScreen.storyboard */; };
		159DE4672872E8AB006A9694 /* note.png in Resources */ = {isa = PBXBuildFile; fileRef = 159DE4652872E8AB006A9694 /* note.png */; };
		159DE4682872E8AB006A9694 /* rating5@2x.png in Resources */ = {isa = PBXBuildFile; fileRef = 159DE4662872E8AB006A9694 /* rating5@2x.png */; };
		159DE46B2872F20D006A9694 /* CustomTableAlertVO.swift in Sources */ = {isa = PBXBuildFile; fileRef = 159DE46A2872F20D006A9694 /* CustomTableAlertVO.swift */; };
/* End PBXBuildFile section */

/* Begin PBXFileReference section */
		1539FA092874455900FE0EB1 /* CustomMapAlertVO.swift */ = {isa = PBXFileReference; lastKnownFileType = sourcecode.swift; path = CustomMapAlertVO.swift; sourceTree = "<group>"; };
		1539FA0B287446F300FE0EB1 /* CallAlertButtonVO.swift */ = {isa = PBXFileReference; lastKnownFileType = sourcecode.swift; path = CallAlertButtonVO.swift; sourceTree = "<group>"; };
		155393802871E34D005877A9 /* custom_Alert.app */ = {isa = PBXFileReference; explicitFileType = wrapper.application; includeInIndex = 0; path = custom_Alert.app; sourceTree = BUILT_PRODUCTS_DIR; };
		155393832871E34D005877A9 /* AppDelegate.swift */ = {isa = PBXFileReference; lastKnownFileType = sourcecode.swift; path = AppDelegate.swift; sourceTree = "<group>"; };
		155393852871E34D005877A9 /* SceneDelegate.swift */ = {isa = PBXFileReference; lastKnownFileType = sourcecode.swift; path = SceneDelegate.swift; sourceTree = "<group>"; };
		155393872871E34D005877A9 /* ViewController.swift */ = {isa = PBXFileReference; lastKnownFileType = sourcecode.swift; path = ViewController.swift; sourceTree = "<group>"; };
		1553938A2871E34D005877A9 /* Base */ = {isa = PBXFileReference; lastKnownFileType = file.storyboard; name = Base; path = Base.lproj/Main.storyboard; sourceTree = "<group>"; };
		1553938C2871E34E005877A9 /* Assets.xcassets */ = {isa = PBXFileReference; lastKnownFileType = folder.assetcatalog; path = Assets.xcassets; sourceTree = "<group>"; };
		1553938F2871E34E005877A9 /* Base */ = {isa = PBXFileReference; lastKnownFileType = file.storyboard; name = Base; path = Base.lproj/LaunchScreen.storyboard; sourceTree = "<group>"; };
		155393912871E34E005877A9 /* Info.plist */ = {isa = PBXFileReference; lastKnownFileType = text.plist.xml; path = Info.plist; sourceTree = "<group>"; };
		159DE4652872E8AB006A9694 /* note.png */ = {isa = PBXFileReference; lastKnownFileType = image.png; path = note.png; sourceTree = "<group>"; };
		159DE4662872E8AB006A9694 /* rating5@2x.png */ = {isa = PBXFileReference; lastKnownFileType = image.png; path = "rating5@2x.png"; sourceTree = "<group>"; };
		159DE46A2872F20D006A9694 /* CustomTableAlertVO.swift */ = {isa = PBXFileReference; lastKnownFileType = sourcecode.swift; path = CustomTableAlertVO.swift; sourceTree = "<group>"; };
/* End PBXFileReference section */

/* Begin PBXFrameworksBuildPhase section */
		1553937D2871E34D005877A9 /* Frameworks */ = {
			isa = PBXFrameworksBuildPhase;
			buildActionMask = 2147483647;
			files = (
			);
			runOnlyForDeploymentPostprocessing = 0;
		};
/* End PBXFrameworksBuildPhase section */

/* Begin PBXGroup section */
		1539FA05287443B300FE0EB1 /* Model */ = {
			isa = PBXGroup;
			children = (
				159DE46A2872F20D006A9694 /* CustomTableAlertVO.swift */,
				1539FA092874455900FE0EB1 /* CustomMapAlertVO.swift */,
				1539FA0B287446F300FE0EB1 /* CallAlertButtonVO.swift */,
				159DE4642872E8AB006A9694 /* Resources */,
			);
			path = Model;
			sourceTree = "<group>";
		};
		1539FA062874442A00FE0EB1 /* Controller */ = {
			isa = PBXGroup;
			children = (
				155393832871E34D005877A9 /* AppDelegate.swift */,
				155393852871E34D005877A9 /* SceneDelegate.swift */,
				155393872871E34D005877A9 /* ViewController.swift */,
			);
			path = Controller;
			sourceTree = "<group>";
		};
		1539FA072874444B00FE0EB1 /* View */ = {
			isa = PBXGroup;
			children = (
				1553938E2871E34E005877A9 /* LaunchScreen.storyboard */,
				155393892871E34D005877A9 /* Main.storyboard */,
			);
			path = View;
			sourceTree = "<group>";
		};
		155393772871E34D005877A9 = {
			isa = PBXGroup;
			children = (
				155393822871E34D005877A9 /* custom_Alert */,
				155393812871E34D005877A9 /* Products */,
			);
			sourceTree = "<group>";
		};
		155393812871E34D005877A9 /* Products */ = {
			isa = PBXGroup;
			children = (
				155393802871E34D005877A9 /* custom_Alert.app */,
			);
			name = Products;
			sourceTree = "<group>";
		};
		155393822871E34D005877A9 /* custom_Alert */ = {
			isa = PBXGroup;
			children = (
				155393912871E34E005877A9 /* Info.plist */,
				1553938C2871E34E005877A9 /* Assets.xcassets */,
				1539FA072874444B00FE0EB1 /* View */,
				1539FA062874442A00FE0EB1 /* Controller */,
				1539FA05287443B300FE0EB1 /* Model */,
			);
			path = custom_Alert;
			sourceTree = "<group>";
		};
		159DE4642872E8AB006A9694 /* Resources */ = {
			isa = PBXGroup;
			children = (
				159DE4652872E8AB006A9694 /* note.png */,
				159DE4662872E8AB006A9694 /* rating5@2x.png */,
			);
			path = Resources;
			sourceTree = "<group>";
		};
/* End PBXGroup section */

/* Begin PBXNativeTarget section */
		1553937F2871E34D005877A9 /* custom_Alert */ = {
			isa = PBXNativeTarget;
			buildConfigurationList = 155393942871E34E005877A9 /* Build configuration list for PBXNativeTarget "custom_Alert" */;
			buildPhases = (
				1553937C2871E34D005877A9 /* Sources */,
				1553937D2871E34D005877A9 /* Frameworks */,
				1553937E2871E34D005877A9 /* Resources */,
			);
			buildRules = (
			);
			dependencies = (
			);
			name = custom_Alert;
			productName = custom_Alert;
			productReference = 155393802871E34D005877A9 /* custom_Alert.app */;
			productType = "com.apple.product-type.application";
		};
/* End PBXNativeTarget section */

/* Begin PBXProject section */
		155393782871E34D005877A9 /* Project object */ = {
			isa = PBXProject;
			attributes = {
				BuildIndependentTargetsInParallel = 1;
				LastSwiftUpdateCheck = 1340;
				LastUpgradeCheck = 1340;
				TargetAttributes = {
					1553937F2871E34D005877A9 = {
						CreatedOnToolsVersion = 13.4.1;
					};
				};
			};
			buildConfigurationList = 1553937B2871E34D005877A9 /* Build configuration list for PBXProject "custom_Alert" */;
			compatibilityVersion = "Xcode 13.0";
			developmentRegion = en;
			hasScannedForEncodings = 0;
			knownRegions = (
				en,
				Base,
			);
			mainGroup = 155393772871E34D005877A9;
			productRefGroup = 155393812871E34D005877A9 /* Products */;
			projectDirPath = "";
			projectRoot = "";
			targets = (
				1553937F2871E34D005877A9 /* custom_Alert */,
			);
		};
/* End PBXProject section */

/* Begin PBXResourcesBuildPhase section */
		1553937E2871E34D005877A9 /* Resources */ = {
			isa = PBXResourcesBuildPhase;
			buildActionMask = 2147483647;
			files = (
				159DE4682872E8AB006A9694 /* rating5@2x.png in Resources */,
				155393902871E34E005877A9 /* LaunchScreen.storyboard in Resources */,
				159DE4672872E8AB006A9694 /* note.png in Resources */,
				1553938D2871E34E005877A9 /* Assets.xcassets in Resources */,
				1553938B2871E34D005877A9 /* Main.storyboard in Resources */,
			);
			runOnlyForDeploymentPostprocessing = 0;
		};
/* End PBXResourcesBuildPhase section */

/* Begin PBXSourcesBuildPhase section */
		1553937C2871E34D005877A9 /* Sources */ = {
			isa = PBXSourcesBuildPhase;
			buildActionMask = 2147483647;
			files = (
				155393882871E34D005877A9 /* ViewController.swift in Sources */,
				155393842871E34D005877A9 /* AppDelegate.swift in Sources */,
				155393862871E34D005877A9 /* SceneDelegate.swift in Sources */,
				1539FA0C287446F300FE0EB1 /* CallAlertButtonVO.swift in Sources */,
				1539FA0A2874455900FE0EB1 /* CustomMapAlertVO.swift in Sources */,
				159DE46B2872F20D006A9694 /* CustomTableAlertVO.swift in Sources */,
			);
			runOnlyForDeploymentPostprocessing = 0;
		};
/* End PBXSourcesBuildPhase section */

/* Begin PBXVariantGroup section */
		155393892871E34D005877A9 /* Main.storyboard */ = {
			isa = PBXVariantGroup;
			children = (
				1553938A2871E34D005877A9 /* Base */,
			);
			name = Main.storyboard;
			sourceTree = "<group>";
		};
		1553938E2871E34E005877A9 /* LaunchScreen.storyboard */ = {
			isa = PBXVariantGroup;
			children = (
				1553938F2871E34E005877A9 /* Base */,
			);
			name = LaunchScreen.storyboard;
			sourceTree = "<group>";
		};
/* End PBXVariantGroup section */

/* Begin XCBuildConfiguration section */
		155393922871E34E005877A9 /* Debug */ = {
			isa = XCBuildConfiguration;
			buildSettings = {
				ALWAYS_SEARCH_USER_PATHS = NO;
				CLANG_ANALYZER_NONNULL = YES;
				CLANG_ANALYZER_NUMBER_OBJECT_CONVERSION = YES_AGGRESSIVE;
				CLANG_CXX_LANGUAGE_STANDARD = "gnu++17";
				CLANG_ENABLE_MODULES = YES;
				CLANG_ENABLE_OBJC_ARC = YES;
				CLANG_ENABLE_OBJC_WEAK = YES;
				CLANG_WARN_BLOCK_CAPTURE_AUTORELEASING = YES;
				CLANG_WARN_BOOL_CONVERSION = YES;
				CLANG_WARN_COMMA = YES;
				CLANG_WARN_CONSTANT_CONVERSION = YES;
				CLANG_WARN_DEPRECATED_OBJC_IMPLEMENTATIONS = YES;
				CLANG_WARN_DIRECT_OBJC_ISA_USAGE = YES_ERROR;
				CLANG_WARN_DOCUMENTATION_COMMENTS = YES;
				CLANG_WARN_EMPTY_BODY = YES;
				CLANG_WARN_ENUM_CONVERSION = YES;
				CLANG_WARN_INFINITE_RECURSION = YES;
				CLANG_WARN_INT_CONVERSION = YES;
				CLANG_WARN_NON_LITERAL_NULL_CONVERSION = YES;
				CLANG_WARN_OBJC_IMPLICIT_RETAIN_SELF = YES;
				CLANG_WARN_OBJC_LITERAL_CONVERSION = YES;
				CLANG_WARN_OBJC_ROOT_CLASS = YES_ERROR;
				CLANG_WARN_QUOTED_INCLUDE_IN_FRAMEWORK_HEADER = YES;
				CLANG_WARN_RANGE_LOOP_ANALYSIS = YES;
				CLANG_WARN_STRICT_PROTOTYPES = YES;
				CLANG_WARN_SUSPICIOUS_MOVE = YES;
				CLANG_WARN_UNGUARDED_AVAILABILITY = YES_AGGRESSIVE;
				CLANG_WARN_UNREACHABLE_CODE = YES;
				CLANG_WARN__DUPLICATE_METHOD_MATCH = YES;
				COPY_PHASE_STRIP = NO;
				DEBUG_INFORMATION_FORMAT = dwarf;
				ENABLE_STRICT_OBJC_MSGSEND = YES;
				ENABLE_TESTABILITY = YES;
				GCC_C_LANGUAGE_STANDARD = gnu11;
				GCC_DYNAMIC_NO_PIC = NO;
				GCC_NO_COMMON_BLOCKS = YES;
				GCC_OPTIMIZATION_LEVEL = 0;
				GCC_PREPROCESSOR_DEFINITIONS = (
					"DEBUG=1",
					"$(inherited)",
				);
				GCC_WARN_64_TO_32_BIT_CONVERSION = YES;
				GCC_WARN_ABOUT_RETURN_TYPE = YES_ERROR;
				GCC_WARN_UNDECLARED_SELECTOR = YES;
				GCC_WARN_UNINITIALIZED_AUTOS = YES_AGGRESSIVE;
				GCC_WARN_UNUSED_FUNCTION = YES;
				GCC_WARN_UNUSED_VARIABLE = YES;
				IPHONEOS_DEPLOYMENT_TARGET = 15.5;
				MTL_ENABLE_DEBUG_INFO = INCLUDE_SOURCE;
				MTL_FAST_MATH = YES;
				ONLY_ACTIVE_ARCH = YES;
				SDKROOT = iphoneos;
				SWIFT_ACTIVE_COMPILATION_CONDITIONS = DEBUG;
				SWIFT_OPTIMIZATION_LEVEL = "-Onone";
			};
			name = Debug;
		};
		155393932871E34E005877A9 /* Release */ = {
			isa = XCBuildConfiguration;
			buildSettings = {
				ALWAYS_SEARCH_USER_PATHS = NO;
				CLANG_ANALYZER_NONNULL = YES;
				CLANG_ANALYZER_NUMBER_OBJECT_CONVERSION = YES_AGGRESSIVE;
				CLANG_CXX_LANGUAGE_STANDARD = "gnu++17";
				CLANG_ENABLE_MODULES = YES;
				CLANG_ENABLE_OBJC_ARC = YES;
				CLANG_ENABLE_OBJC_WEAK = YES;
				CLANG_WARN_BLOCK_CAPTURE_AUTORELEASING = YES;
				CLANG_WARN_BOOL_CONVERSION = YES;
				CLANG_WARN_COMMA = YES;
				CLANG_WARN_CONSTANT_CONVERSION = YES;
				CLANG_WARN_DEPRECATED_OBJC_IMPLEMENTATIONS = YES;
				CLANG_WARN_DIRECT_OBJC_ISA_USAGE = YES_ERROR;
				CLANG_WARN_DOCUMENTATION_COMMENTS = YES;
				CLANG_WARN_EMPTY_BODY = YES;
				CLANG_WARN_ENUM_CONVERSION = YES;
				CLANG_WARN_INFINITE_RECURSION = YES;
				CLANG_WARN_INT_CONVERSION = YES;
				CLANG_WARN_NON_LITERAL_NULL_CONVERSION = YES;
				CLANG_WARN_OBJC_IMPLICIT_RETAIN_SELF = YES;
				CLANG_WARN_OBJC_LITERAL_CONVERSION = YES;
				CLANG_WARN_OBJC_ROOT_CLASS = YES_ERROR;
				CLANG_WARN_QUOTED_INCLUDE_IN_FRAMEWORK_HEADER = YES;
				CLANG_WARN_RANGE_LOOP_ANALYSIS = YES;
				CLANG_WARN_STRICT_PROTOTYPES = YES;
				CLANG_WARN_SUSPICIOUS_MOVE = YES;
				CLANG_WARN_UNGUARDED_AVAILABILITY = YES_AGGRESSIVE;
				CLANG_WARN_UNREACHABLE_CODE = YES;
				CLANG_WARN__DUPLICATE_METHOD_MATCH = YES;
				COPY_PHASE_STRIP = NO;
				DEBUG_INFORMATION_FORMAT = "dwarf-with-dsym";
				ENABLE_NS_ASSERTIONS = NO;
				ENABLE_STRICT_OBJC_MSGSEND = YES;
				GCC_C_LANGUAGE_STANDARD = gnu11;
				GCC_NO_COMMON_BLOCKS = YES;
				GCC_WARN_64_TO_32_BIT_CONVERSION = YES;
				GCC_WARN_ABOUT_RETURN_TYPE = YES_ERROR;
				GCC_WARN_UNDECLARED_SELECTOR = YES;
				GCC_WARN_UNINITIALIZED_AUTOS = YES_AGGRESSIVE;
				GCC_WARN_UNUSED_FUNCTION = YES;
				GCC_WARN_UNUSED_VARIABLE = YES;
				IPHONEOS_DEPLOYMENT_TARGET = 15.5;
				MTL_ENABLE_DEBUG_INFO = NO;
				MTL_FAST_MATH = YES;
				SDKROOT = iphoneos;
				SWIFT_COMPILATION_MODE = wholemodule;
				SWIFT_OPTIMIZATION_LEVEL = "-O";
				VALIDATE_PRODUCT = YES;
			};
			name = Release;
		};
		155393952871E34E005877A9 /* Debug */ = {
			isa = XCBuildConfiguration;
			buildSettings = {
				ASSETCATALOG_COMPILER_APPICON_NAME = AppIcon;
				ASSETCATALOG_COMPILER_GLOBAL_ACCENT_COLOR_NAME = AccentColor;
				CODE_SIGN_STYLE = Automatic;
				CURRENT_PROJECT_VERSION = 1;
				GENERATE_INFOPLIST_FILE = YES;
				INFOPLIST_FILE = custom_Alert/Info.plist;
				INFOPLIST_KEY_UIApplicationSupportsIndirectInputEvents = YES;
				INFOPLIST_KEY_UILaunchStoryboardName = LaunchScreen;
				INFOPLIST_KEY_UIMainStoryboardFile = Main;
				INFOPLIST_KEY_UISupportedInterfaceOrientations_iPad = "UIInterfaceOrientationPortrait UIInterfaceOrientationPortraitUpsideDown UIInterfaceOrientationLandscapeLeft UIInterfaceOrientationLandscapeRight";
				INFOPLIST_KEY_UISupportedInterfaceOrientations_iPhone = "UIInterfaceOrientationPortrait UIInterfaceOrientationLandscapeLeft UIInterfaceOrientationLandscapeRight";
				LD_RUNPATH_SEARCH_PATHS = (
					"$(inherited)",
					"@executable_path/Frameworks",
				);
				MARKETING_VERSION = 1.0;
				PRODUCT_BUNDLE_IDENTIFIER = "SH.custom-Alert";
				PRODUCT_NAME = "$(TARGET_NAME)";
				SWIFT_EMIT_LOC_STRINGS = YES;
				SWIFT_VERSION = 5.0;
				TARGETED_DEVICE_FAMILY = "1,2";
			};
			name = Debug;
		};
		155393962871E34E005877A9 /* Release */ = {
			isa = XCBuildConfiguration;
			buildSettings = {
				ASSETCATALOG_COMPILER_APPICON_NAME = AppIcon;
				ASSETCATALOG_COMPILER_GLOBAL_ACCENT_COLOR_NAME = AccentColor;
				CODE_SIGN_STYLE = Automatic;
				CURRENT_PROJECT_VERSION = 1;
				GENERATE_INFOPLIST_FILE = YES;
				INFOPLIST_FILE = custom_Alert/Info.plist;
				INFOPLIST_KEY_UIApplicationSupportsIndirectInputEvents = YES;
				INFOPLIST_KEY_UILaunchStoryboardName = LaunchScreen;
				INFOPLIST_KEY_UIMainStoryboardFile = Main;
				INFOPLIST_KEY_UISupportedInterfaceOrientations_iPad = "UIInterfaceOrientationPortrait UIInterfaceOrientationPortraitUpsideDown UIInterfaceOrientationLandscapeLeft UIInterfaceOrientationLandscapeRight";
				INFOPLIST_KEY_UISupportedInterfaceOrientations_iPhone = "UIInterfaceOrientationPortrait UIInterfaceOrientationLandscapeLeft UIInterfaceOrientationLandscapeRight";
				LD_RUNPATH_SEARCH_PATHS = (
					"$(inherited)",
					"@executable_path/Frameworks",
				);
				MARKETING_VERSION = 1.0;
				PRODUCT_BUNDLE_IDENTIFIER = "SH.custom-Alert";
				PRODUCT_NAME = "$(TARGET_NAME)";
				SWIFT_EMIT_LOC_STRINGS = YES;
				SWIFT_VERSION = 5.0;
				TARGETED_DEVICE_FAMILY = "1,2";
			};
			name = Release;
		};
/* End XCBuildConfiguration section */

/* Begin XCConfigurationList section */
		1553937B2871E34D005877A9 /* Build configuration list for PBXProject "custom_Alert" */ = {
			isa = XCConfigurationList;
			buildConfigurations = (
				155393922871E34E005877A9 /* Debug */,
				155393932871E34E005877A9 /* Release */,
			);
			defaultConfigurationIsVisible = 0;
			defaultConfigurationName = Release;
		};
		155393942871E34E005877A9 /* Build configuration list for PBXNativeTarget "custom_Alert" */ = {
			isa = XCConfigurationList;
			buildConfigurations = (
				155393952871E34E005877A9 /* Debug */,
				155393962871E34E005877A9 /* Release */,
			);
			defaultConfigurationIsVisible = 0;
			defaultConfigurationName = Release;
		};
/* End XCConfigurationList section */
	};
	rootObject = 155393782871E34D005877A9 /* Project object */;
}
