// !$*UTF8*$!
{
	archiveVersion = 1;
	classes = {
	};
	objectVersion = 55;
	objects = {

/* Begin PBXBuildFile section */
		152D873F284DAF7E0079EE20 /* MemoFormVC.swift in Sources */ = {isa = PBXBuildFile; fileRef = 152D873E284DAF7E0079EE20 /* MemoFormVC.swift */; };
		152D8741284DAF970079EE20 /* MemoReadVC.swift in Sources */ = {isa = PBXBuildFile; fileRef = 152D8740284DAF970079EE20 /* MemoReadVC.swift */; };
		152D8746284DB0C70079EE20 /* MemoListVC.swift in Sources */ = {isa = PBXBuildFile; fileRef = 152D8745284DB0C70079EE20 /* MemoListVC.swift */; };
		152D8748284DB1500079EE20 /* MemoCell.swift in Sources */ = {isa = PBXBuildFile; fileRef = 152D8747284DB1500079EE20 /* MemoCell.swift */; };
		152D874C284DB25E0079EE20 /* MemoData.swift in Sources */ = {isa = PBXBuildFile; fileRef = 152D874B284DB25E0079EE20 /* MemoData.swift */; };
		15D0CDA1284CE63800333FFF /* AppDelegate.swift in Sources */ = {isa = PBXBuildFile; fileRef = 15D0CDA0284CE63800333FFF /* AppDelegate.swift */; };
		15D0CDA3284CE63800333FFF /* SceneDelegate.swift in Sources */ = {isa = PBXBuildFile; fileRef = 15D0CDA2284CE63800333FFF /* SceneDelegate.swift */; };
		15D0CDA8284CE63800333FFF /* Main.storyboard in Resources */ = {isa = PBXBuildFile; fileRef = 15D0CDA6284CE63800333FFF /* Main.storyboard */; };
		15D0CDAA284CE63900333FFF /* Assets.xcassets in Resources */ = {isa = PBXBuildFile; fileRef = 15D0CDA9284CE63900333FFF /* Assets.xcassets */; };
		15D0CDAD284CE63900333FFF /* LaunchScreen.storyboard in Resources */ = {isa = PBXBuildFile; fileRef = 15D0CDAB284CE63900333FFF /* LaunchScreen.storyboard */; };
/* End PBXBuildFile section */

/* Begin PBXFileReference section */
		152D873E284DAF7E0079EE20 /* MemoFormVC.swift */ = {isa = PBXFileReference; lastKnownFileType = sourcecode.swift; path = MemoFormVC.swift; sourceTree = "<group>"; };
		152D8740284DAF970079EE20 /* MemoReadVC.swift */ = {isa = PBXFileReference; lastKnownFileType = sourcecode.swift; path = MemoReadVC.swift; sourceTree = "<group>"; };
		152D8745284DB0C70079EE20 /* MemoListVC.swift */ = {isa = PBXFileReference; lastKnownFileType = sourcecode.swift; path = MemoListVC.swift; sourceTree = "<group>"; };
		152D8747284DB1500079EE20 /* MemoCell.swift */ = {isa = PBXFileReference; lastKnownFileType = sourcecode.swift; path = MemoCell.swift; sourceTree = "<group>"; };
		152D874B284DB25E0079EE20 /* MemoData.swift */ = {isa = PBXFileReference; lastKnownFileType = sourcecode.swift; path = MemoData.swift; sourceTree = "<group>"; };
		15D0CD9D284CE63800333FFF /* MemoApplication.app */ = {isa = PBXFileReference; explicitFileType = wrapper.application; includeInIndex = 0; path = MemoApplication.app; sourceTree = BUILT_PRODUCTS_DIR; };
		15D0CDA0284CE63800333FFF /* AppDelegate.swift */ = {isa = PBXFileReference; lastKnownFileType = sourcecode.swift; path = AppDelegate.swift; sourceTree = "<group>"; };
		15D0CDA2284CE63800333FFF /* SceneDelegate.swift */ = {isa = PBXFileReference; lastKnownFileType = sourcecode.swift; path = SceneDelegate.swift; sourceTree = "<group>"; };
		15D0CDA7284CE63800333FFF /* Base */ = {isa = PBXFileReference; lastKnownFileType = file.storyboard; name = Base; path = Base.lproj/Main.storyboard; sourceTree = "<group>"; };
		15D0CDA9284CE63900333FFF /* Assets.xcassets */ = {isa = PBXFileReference; lastKnownFileType = folder.assetcatalog; path = Assets.xcassets; sourceTree = "<group>"; };
		15D0CDAC284CE63900333FFF /* Base */ = {isa = PBXFileReference; lastKnownFileType = file.storyboard; name = Base; path = Base.lproj/LaunchScreen.storyboard; sourceTree = "<group>"; };
		15D0CDAE284CE63900333FFF /* Info.plist */ = {isa = PBXFileReference; lastKnownFileType = text.plist.xml; path = Info.plist; sourceTree = "<group>"; };
/* End PBXFileReference section */

/* Begin PBXFrameworksBuildPhase section */
		15D0CD9A284CE63800333FFF /* Frameworks */ = {
			isa = PBXFrameworksBuildPhase;
			buildActionMask = 2147483647;
			files = (
			);
			runOnlyForDeploymentPostprocessing = 0;
		};
/* End PBXFrameworksBuildPhase section */

/* Begin PBXGroup section */
		152D8742284DB0130079EE20 /* Controller */ = {
			isa = PBXGroup;
			children = (
				15D0CDA2284CE63800333FFF /* SceneDelegate.swift */,
				15D0CDA0284CE63800333FFF /* AppDelegate.swift */,
				152D8740284DAF970079EE20 /* MemoReadVC.swift */,
				152D873E284DAF7E0079EE20 /* MemoFormVC.swift */,
				152D8745284DB0C70079EE20 /* MemoListVC.swift */,
				152D8747284DB1500079EE20 /* MemoCell.swift */,
			);
			path = Controller;
			sourceTree = "<group>";
		};
		152D8743284DB03A0079EE20 /* View */ = {
			isa = PBXGroup;
			children = (
				15D0CDAB284CE63900333FFF /* LaunchScreen.storyboard */,
				15D0CDA6284CE63800333FFF /* Main.storyboard */,
			);
			path = View;
			sourceTree = "<group>";
		};
		152D8744284DB0570079EE20 /* Model */ = {
			isa = PBXGroup;
			children = (
				152D874B284DB25E0079EE20 /* MemoData.swift */,
			);
			path = Model;
			sourceTree = "<group>";
		};
		15D0CD94284CE63800333FFF = {
			isa = PBXGroup;
			children = (
				15D0CD9F284CE63800333FFF /* MemoApplication */,
				15D0CD9E284CE63800333FFF /* Products */,
			);
			sourceTree = "<group>";
		};
		15D0CD9E284CE63800333FFF /* Products */ = {
			isa = PBXGroup;
			children = (
				15D0CD9D284CE63800333FFF /* MemoApplication.app */,
			);
			name = Products;
			sourceTree = "<group>";
		};
		15D0CD9F284CE63800333FFF /* MemoApplication */ = {
			isa = PBXGroup;
			children = (
				15D0CDAE284CE63900333FFF /* Info.plist */,
				15D0CDA9284CE63900333FFF /* Assets.xcassets */,
				152D8744284DB0570079EE20 /* Model */,
				152D8743284DB03A0079EE20 /* View */,
				152D8742284DB0130079EE20 /* Controller */,
			);
			path = MemoApplication;
			sourceTree = "<group>";
		};
/* End PBXGroup section */

/* Begin PBXNativeTarget section */
		15D0CD9C284CE63800333FFF /* MemoApplication */ = {
			isa = PBXNativeTarget;
			buildConfigurationList = 15D0CDB1284CE63900333FFF /* Build configuration list for PBXNativeTarget "MemoApplication" */;
			buildPhases = (
				15D0CD99284CE63800333FFF /* Sources */,
				15D0CD9A284CE63800333FFF /* Frameworks */,
				15D0CD9B284CE63800333FFF /* Resources */,
			);
			buildRules = (
			);
			dependencies = (
			);
			name = MemoApplication;
			productName = MemoApplication;
			productReference = 15D0CD9D284CE63800333FFF /* MemoApplication.app */;
			productType = "com.apple.product-type.application";
		};
/* End PBXNativeTarget section */

/* Begin PBXProject section */
		15D0CD95284CE63800333FFF /* Project object */ = {
			isa = PBXProject;
			attributes = {
				BuildIndependentTargetsInParallel = 1;
				LastSwiftUpdateCheck = 1340;
				LastUpgradeCheck = 1340;
				TargetAttributes = {
					15D0CD9C284CE63800333FFF = {
						CreatedOnToolsVersion = 13.4.1;
					};
				};
			};
			buildConfigurationList = 15D0CD98284CE63800333FFF /* Build configuration list for PBXProject "MemoApplication" */;
			compatibilityVersion = "Xcode 13.0";
			developmentRegion = en;
			hasScannedForEncodings = 0;
			knownRegions = (
				en,
				Base,
			);
			mainGroup = 15D0CD94284CE63800333FFF;
			productRefGroup = 15D0CD9E284CE63800333FFF /* Products */;
			projectDirPath = "";
			projectRoot = "";
			targets = (
				15D0CD9C284CE63800333FFF /* MemoApplication */,
			);
		};
/* End PBXProject section */

/* Begin PBXResourcesBuildPhase section */
		15D0CD9B284CE63800333FFF /* Resources */ = {
			isa = PBXResourcesBuildPhase;
			buildActionMask = 2147483647;
			files = (
				15D0CDAD284CE63900333FFF /* LaunchScreen.storyboard in Resources */,
				15D0CDAA284CE63900333FFF /* Assets.xcassets in Resources */,
				15D0CDA8284CE63800333FFF /* Main.storyboard in Resources */,
			);
			runOnlyForDeploymentPostprocessing = 0;
		};
/* End PBXResourcesBuildPhase section */

/* Begin PBXSourcesBuildPhase section */
		15D0CD99284CE63800333FFF /* Sources */ = {
			isa = PBXSourcesBuildPhase;
			buildActionMask = 2147483647;
			files = (
				152D8741284DAF970079EE20 /* MemoReadVC.swift in Sources */,
				152D8746284DB0C70079EE20 /* MemoListVC.swift in Sources */,
				15D0CDA1284CE63800333FFF /* AppDelegate.swift in Sources */,
				152D874C284DB25E0079EE20 /* MemoData.swift in Sources */,
				152D873F284DAF7E0079EE20 /* MemoFormVC.swift in Sources */,
				15D0CDA3284CE63800333FFF /* SceneDelegate.swift in Sources */,
				152D8748284DB1500079EE20 /* MemoCell.swift in Sources */,
			);
			runOnlyForDeploymentPostprocessing = 0;
		};
/* End PBXSourcesBuildPhase section */

/* Begin PBXVariantGroup section */
		15D0CDA6284CE63800333FFF /* Main.storyboard */ = {
			isa = PBXVariantGroup;
			children = (
				15D0CDA7284CE63800333FFF /* Base */,
			);
			name = Main.storyboard;
			sourceTree = "<group>";
		};
		15D0CDAB284CE63900333FFF /* LaunchScreen.storyboard */ = {
			isa = PBXVariantGroup;
			children = (
				15D0CDAC284CE63900333FFF /* Base */,
			);
			name = LaunchScreen.storyboard;
			sourceTree = "<group>";
		};
/* End PBXVariantGroup section */

/* Begin XCBuildConfiguration section */
		15D0CDAF284CE63900333FFF /* Debug */ = {
			isa = XCBuildConfiguration;
			buildSettings = {
				ALWAYS_SEARCH_USER_PATHS = NO;
				CLANG_ANALYZER_NONNULL = YES;
				CLANG_ANALYZER_NUMBER_OBJECT_CONVERSION = YES_AGGRESSIVE;
				CLANG_CXX_LANGUAGE_STANDARD = "gnu++17";
				CLANG_ENABLE_MODULES = YES;
				CLANG_ENABLE_OBJC_ARC = YES;
				CLANG_ENABLE_OBJC_WEAK = YES;
				CLANG_WARN_BLOCK_CAPTURE_AUTORELEASING = YES;
				CLANG_WARN_BOOL_CONVERSION = YES;
				CLANG_WARN_COMMA = YES;
				CLANG_WARN_CONSTANT_CONVERSION = YES;
				CLANG_WARN_DEPRECATED_OBJC_IMPLEMENTATIONS = YES;
				CLANG_WARN_DIRECT_OBJC_ISA_USAGE = YES_ERROR;
				CLANG_WARN_DOCUMENTATION_COMMENTS = YES;
				CLANG_WARN_EMPTY_BODY = YES;
				CLANG_WARN_ENUM_CONVERSION = YES;
				CLANG_WARN_INFINITE_RECURSION = YES;
				CLANG_WARN_INT_CONVERSION = YES;
				CLANG_WARN_NON_LITERAL_NULL_CONVERSION = YES;
				CLANG_WARN_OBJC_IMPLICIT_RETAIN_SELF = YES;
				CLANG_WARN_OBJC_LITERAL_CONVERSION = YES;
				CLANG_WARN_OBJC_ROOT_CLASS = YES_ERROR;
				CLANG_WARN_QUOTED_INCLUDE_IN_FRAMEWORK_HEADER = YES;
				CLANG_WARN_RANGE_LOOP_ANALYSIS = YES;
				CLANG_WARN_STRICT_PROTOTYPES = YES;
				CLANG_WARN_SUSPICIOUS_MOVE = YES;
				CLANG_WARN_UNGUARDED_AVAILABILITY = YES_AGGRESSIVE;
				CLANG_WARN_UNREACHABLE_CODE = YES;
				CLANG_WARN__DUPLICATE_METHOD_MATCH = YES;
				COPY_PHASE_STRIP = NO;
				DEBUG_INFORMATION_FORMAT = dwarf;
				ENABLE_STRICT_OBJC_MSGSEND = YES;
				ENABLE_TESTABILITY = YES;
				GCC_C_LANGUAGE_STANDARD = gnu11;
				GCC_DYNAMIC_NO_PIC = NO;
				GCC_NO_COMMON_BLOCKS = YES;
				GCC_OPTIMIZATION_LEVEL = 0;
				GCC_PREPROCESSOR_DEFINITIONS = (
					"DEBUG=1",
					"$(inherited)",
				);
				GCC_WARN_64_TO_32_BIT_CONVERSION = YES;
				GCC_WARN_ABOUT_RETURN_TYPE = YES_ERROR;
				GCC_WARN_UNDECLARED_SELECTOR = YES;
				GCC_WARN_UNINITIALIZED_AUTOS = YES_AGGRESSIVE;
				GCC_WARN_UNUSED_FUNCTION = YES;
				GCC_WARN_UNUSED_VARIABLE = YES;
				IPHONEOS_DEPLOYMENT_TARGET = 15.5;
				MTL_ENABLE_DEBUG_INFO = INCLUDE_SOURCE;
				MTL_FAST_MATH = YES;
				ONLY_ACTIVE_ARCH = YES;
				SDKROOT = iphoneos;
				SWIFT_ACTIVE_COMPILATION_CONDITIONS = DEBUG;
				SWIFT_OPTIMIZATION_LEVEL = "-Onone";
			};
			name = Debug;
		};
		15D0CDB0284CE63900333FFF /* Release */ = {
			isa = XCBuildConfiguration;
			buildSettings = {
				ALWAYS_SEARCH_USER_PATHS = NO;
				CLANG_ANALYZER_NONNULL = YES;
				CLANG_ANALYZER_NUMBER_OBJECT_CONVERSION = YES_AGGRESSIVE;
				CLANG_CXX_LANGUAGE_STANDARD = "gnu++17";
				CLANG_ENABLE_MODULES = YES;
				CLANG_ENABLE_OBJC_ARC = YES;
				CLANG_ENABLE_OBJC_WEAK = YES;
				CLANG_WARN_BLOCK_CAPTURE_AUTORELEASING = YES;
				CLANG_WARN_BOOL_CONVERSION = YES;
				CLANG_WARN_COMMA = YES;
				CLANG_WARN_CONSTANT_CONVERSION = YES;
				CLANG_WARN_DEPRECATED_OBJC_IMPLEMENTATIONS = YES;
				CLANG_WARN_DIRECT_OBJC_ISA_USAGE = YES_ERROR;
				CLANG_WARN_DOCUMENTATION_COMMENTS = YES;
				CLANG_WARN_EMPTY_BODY = YES;
				CLANG_WARN_ENUM_CONVERSION = YES;
				CLANG_WARN_INFINITE_RECURSION = YES;
				CLANG_WARN_INT_CONVERSION = YES;
				CLANG_WARN_NON_LITERAL_NULL_CONVERSION = YES;
				CLANG_WARN_OBJC_IMPLICIT_RETAIN_SELF = YES;
				CLANG_WARN_OBJC_LITERAL_CONVERSION = YES;
				CLANG_WARN_OBJC_ROOT_CLASS = YES_ERROR;
				CLANG_WARN_QUOTED_INCLUDE_IN_FRAMEWORK_HEADER = YES;
				CLANG_WARN_RANGE_LOOP_ANALYSIS = YES;
				CLANG_WARN_STRICT_PROTOTYPES = YES;
				CLANG_WARN_SUSPICIOUS_MOVE = YES;
				CLANG_WARN_UNGUARDED_AVAILABILITY = YES_AGGRESSIVE;
				CLANG_WARN_UNREACHABLE_CODE = YES;
				CLANG_WARN__DUPLICATE_METHOD_MATCH = YES;
				COPY_PHASE_STRIP = NO;
				DEBUG_INFORMATION_FORMAT = "dwarf-with-dsym";
				ENABLE_NS_ASSERTIONS = NO;
				ENABLE_STRICT_OBJC_MSGSEND = YES;
				GCC_C_LANGUAGE_STANDARD = gnu11;
				GCC_NO_COMMON_BLOCKS = YES;
				GCC_WARN_64_TO_32_BIT_CONVERSION = YES;
				GCC_WARN_ABOUT_RETURN_TYPE = YES_ERROR;
				GCC_WARN_UNDECLARED_SELECTOR = YES;
				GCC_WARN_UNINITIALIZED_AUTOS = YES_AGGRESSIVE;
				GCC_WARN_UNUSED_FUNCTION = YES;
				GCC_WARN_UNUSED_VARIABLE = YES;
				IPHONEOS_DEPLOYMENT_TARGET = 15.5;
				MTL_ENABLE_DEBUG_INFO = NO;
				MTL_FAST_MATH = YES;
				SDKROOT = iphoneos;
				SWIFT_COMPILATION_MODE = wholemodule;
				SWIFT_OPTIMIZATION_LEVEL = "-O";
				VALIDATE_PRODUCT = YES;
			};
			name = Release;
		};
		15D0CDB2284CE63900333FFF /* Debug */ = {
			isa = XCBuildConfiguration;
			buildSettings = {
				ASSETCATALOG_COMPILER_APPICON_NAME = AppIcon;
				ASSETCATALOG_COMPILER_GLOBAL_ACCENT_COLOR_NAME = AccentColor;
				CODE_SIGN_STYLE = Automatic;
				CURRENT_PROJECT_VERSION = 1;
				DEVELOPMENT_TEAM = "";
				GENERATE_INFOPLIST_FILE = YES;
				INFOPLIST_FILE = MemoApplication/Info.plist;
				INFOPLIST_KEY_UIApplicationSupportsIndirectInputEvents = YES;
				INFOPLIST_KEY_UILaunchStoryboardName = LaunchScreen;
				INFOPLIST_KEY_UIMainStoryboardFile = Main;
				INFOPLIST_KEY_UISupportedInterfaceOrientations = UIInterfaceOrientationPortrait;
				INFOPLIST_KEY_UISupportedInterfaceOrientations_iPad = "UIInterfaceOrientationPortrait UIInterfaceOrientationPortraitUpsideDown UIInterfaceOrientationLandscapeLeft UIInterfaceOrientationLandscapeRight";
				INFOPLIST_KEY_UISupportedInterfaceOrientations_iPhone = "UIInterfaceOrientationPortrait UIInterfaceOrientationLandscapeLeft UIInterfaceOrientationLandscapeRight";
				LD_RUNPATH_SEARCH_PATHS = (
					"$(inherited)",
					"@executable_path/Frameworks",
				);
				MARKETING_VERSION = 1.0;
				PRODUCT_BUNDLE_IDENTIFIER = SH.MemoApplication;
				PRODUCT_NAME = "$(TARGET_NAME)";
				SWIFT_EMIT_LOC_STRINGS = YES;
				SWIFT_VERSION = 5.0;
				TARGETED_DEVICE_FAMILY = "1,2";
			};
			name = Debug;
		};
		15D0CDB3284CE63900333FFF /* Release */ = {
			isa = XCBuildConfiguration;
			buildSettings = {
				ASSETCATALOG_COMPILER_APPICON_NAME = AppIcon;
				ASSETCATALOG_COMPILER_GLOBAL_ACCENT_COLOR_NAME = AccentColor;
				CODE_SIGN_STYLE = Automatic;
				CURRENT_PROJECT_VERSION = 1;
				DEVELOPMENT_TEAM = "";
				GENERATE_INFOPLIST_FILE = YES;
				INFOPLIST_FILE = MemoApplication/Info.plist;
				INFOPLIST_KEY_UIApplicationSupportsIndirectInputEvents = YES;
				INFOPLIST_KEY_UILaunchStoryboardName = LaunchScreen;
				INFOPLIST_KEY_UIMainStoryboardFile = Main;
				INFOPLIST_KEY_UISupportedInterfaceOrientations = UIInterfaceOrientationPortrait;
				INFOPLIST_KEY_UISupportedInterfaceOrientations_iPad = "UIInterfaceOrientationPortrait UIInterfaceOrientationPortraitUpsideDown UIInterfaceOrientationLandscapeLeft UIInterfaceOrientationLandscapeRight";
				INFOPLIST_KEY_UISupportedInterfaceOrientations_iPhone = "UIInterfaceOrientationPortrait UIInterfaceOrientationLandscapeLeft UIInterfaceOrientationLandscapeRight";
				LD_RUNPATH_SEARCH_PATHS = (
					"$(inherited)",
					"@executable_path/Frameworks",
				);
				MARKETING_VERSION = 1.0;
				PRODUCT_BUNDLE_IDENTIFIER = SH.MemoApplication;
				PRODUCT_NAME = "$(TARGET_NAME)";
				SWIFT_EMIT_LOC_STRINGS = YES;
				SWIFT_VERSION = 5.0;
				TARGETED_DEVICE_FAMILY = "1,2";
			};
			name = Release;
		};
/* End XCBuildConfiguration section */

/* Begin XCConfigurationList section */
		15D0CD98284CE63800333FFF /* Build configuration list for PBXProject "MemoApplication" */ = {
			isa = XCConfigurationList;
			buildConfigurations = (
				15D0CDAF284CE63900333FFF /* Debug */,
				15D0CDB0284CE63900333FFF /* Release */,
			);
			defaultConfigurationIsVisible = 0;
			defaultConfigurationName = Release;
		};
		15D0CDB1284CE63900333FFF /* Build configuration list for PBXNativeTarget "MemoApplication" */ = {
			isa = XCConfigurationList;
			buildConfigurations = (
				15D0CDB2284CE63900333FFF /* Debug */,
				15D0CDB3284CE63900333FFF /* Release */,
			);
			defaultConfigurationIsVisible = 0;
			defaultConfigurationName = Release;
		};
/* End XCConfigurationList section */
	};
	rootObject = 15D0CD95284CE63800333FFF /* Project object */;
}
